
Microsoft Visual Studio Solution File, Format Version 12.00
# Visual Studio 2012
Project("{8BC9CEB8-8B4A-11D0-8D11-00A0C91BC942}") = "HelloWorld", "HelloWorld\HelloWorld.vcxproj", "{15AADF29-E0D0-48E5-BD11-BD3D40636FA3}"
EndProject
Project("{8BC9CEB8-8B4A-11D0-8D11-00A0C91BC942}") = "DataTypes", "DataTypes\DataTypes.vcxproj", "{C778E6D5-1E94-4ABD-9DE8-F9CF3AC6DE76}"
EndProject
Global
	GlobalSection(SolutionConfigurationPlatforms) = preSolution
		Debug|Win32 = Debug|Win32
		Release|Win32 = Release|Win32
	EndGlobalSection
	GlobalSection(ProjectConfigurationPlatforms) = postSolution
		{15AADF29-E0D0-48E5-BD11-BD3D40636FA3}.Debug|Win32.ActiveCfg = Debug|Win32
		{15AADF29-E0D0-48E5-BD11-BD3D40636FA3}.Debug|Win32.Build.0 = Debug|Win32
		{15AADF29-E0D0-48E5-BD11-BD3D40636FA3}.Release|Win32.ActiveCfg = Release|Win32
		{15AADF29-E0D0-48E5-BD11-BD3D40636FA3}.Release|Win32.Build.0 = Release|Win32
		{C778E6D5-1E94-4ABD-9DE8-F9CF3AC6DE76}.Debug|Win32.ActiveCfg = Debug|Win32
		{C778E6D5-1E94-4ABD-9DE8-F9CF3AC6DE76}.Debug|Win32.Build.0 = Debug|Win32
		{C778E6D5-1E94-4ABD-9DE8-F9CF3AC6DE76}.Release|Win32.ActiveCfg = Release|Win32
		{C778E6D5-1E94-4ABD-9DE8-F9CF3AC6DE76}.Release|Win32.Build.0 = Release|Win32
	EndGlobalSection
	GlobalSection(SolutionProperties) = preSolution
		HideSolutionNode = FALSE
	EndGlobalSection
EndGlobal
